// !$*UTF8*$!
{
	archiveVersion = 1;
	classes = {
	};
	objectVersion = 50;
	objects = {

/* Begin PBXBuildFile section */
		A603A5002226CD56009AF0F9 /* AppDelegate.swift in Sources */ = {isa = PBXBuildFile; fileRef = A603A4FF2226CD56009AF0F9 /* AppDelegate.swift */; };
		A603A5052226CD56009AF0F9 /* Main.storyboard in Resources */ = {isa = PBXBuildFile; fileRef = A603A5032226CD56009AF0F9 /* Main.storyboard */; };
		A603A5072226CD59009AF0F9 /* Assets.xcassets in Resources */ = {isa = PBXBuildFile; fileRef = A603A5062226CD59009AF0F9 /* Assets.xcassets */; };
		A603A50A2226CD59009AF0F9 /* LaunchScreen.storyboard in Resources */ = {isa = PBXBuildFile; fileRef = A603A5082226CD59009AF0F9 /* LaunchScreen.storyboard */; };
		A603A5122226CEC1009AF0F9 /* AllListsViewController.swift in Sources */ = {isa = PBXBuildFile; fileRef = A603A5112226CEC1009AF0F9 /* AllListsViewController.swift */; };
		A603A5142226CED3009AF0F9 /* ShoppingListViewController.swift in Sources */ = {isa = PBXBuildFile; fileRef = A603A5132226CED3009AF0F9 /* ShoppingListViewController.swift */; };
		A603A5162226CEDF009AF0F9 /* EditItemViewController.swift in Sources */ = {isa = PBXBuildFile; fileRef = A603A5152226CEDF009AF0F9 /* EditItemViewController.swift */; };
		A603A5192226CF8B009AF0F9 /* ShoppingList.swift in Sources */ = {isa = PBXBuildFile; fileRef = A603A5182226CF8B009AF0F9 /* ShoppingList.swift */; };
		A603A51B2226CFA3009AF0F9 /* NotificationNameExtension.swift in Sources */ = {isa = PBXBuildFile; fileRef = A603A51A2226CFA3009AF0F9 /* NotificationNameExtension.swift */; };
		A603A5212226D418009AF0F9 /* ShoppingListItemCell.swift in Sources */ = {isa = PBXBuildFile; fileRef = A603A51F2226D418009AF0F9 /* ShoppingListItemCell.swift */; };
		A603A5222226D418009AF0F9 /* ShoppingListItemCell.xib in Resources */ = {isa = PBXBuildFile; fileRef = A603A5202226D418009AF0F9 /* ShoppingListItemCell.xib */; };
		A603A5252226D42F009AF0F9 /* ShoppingListCell.swift in Sources */ = {isa = PBXBuildFile; fileRef = A603A5232226D42F009AF0F9 /* ShoppingListCell.swift */; };
		A603A5262226D42F009AF0F9 /* ShoppingListCell.xib in Resources */ = {isa = PBXBuildFile; fileRef = A603A5242226D42F009AF0F9 /* ShoppingListCell.xib */; };
		A62CBA3E2226EC91007644B8 /* RenameListView.swift in Sources */ = {isa = PBXBuildFile; fileRef = A62CBA3D2226EC91007644B8 /* RenameListView.swift */; };
		A62CBA422226ECC0007644B8 /* RenameListView.xib in Resources */ = {isa = PBXBuildFile; fileRef = A62CBA402226ECC0007644B8 /* RenameListView.xib */; };
		A62CBA442226F847007644B8 /* EditItemViewControllerDelegate.swift in Sources */ = {isa = PBXBuildFile; fileRef = A62CBA432226F847007644B8 /* EditItemViewControllerDelegate.swift */; };
/* End PBXBuildFile section */

/* Begin PBXFileReference section */
		A603A4FC2226CD56009AF0F9 /* Lists.app */ = {isa = PBXFileReference; explicitFileType = wrapper.application; includeInIndex = 0; path = Lists.app; sourceTree = BUILT_PRODUCTS_DIR; };
		A603A4FF2226CD56009AF0F9 /* AppDelegate.swift */ = {isa = PBXFileReference; lastKnownFileType = sourcecode.swift; path = AppDelegate.swift; sourceTree = "<group>"; };
		A603A5042226CD56009AF0F9 /* Base */ = {isa = PBXFileReference; lastKnownFileType = file.storyboard; name = Base; path = Base.lproj/Main.storyboard; sourceTree = "<group>"; };
		A603A5062226CD59009AF0F9 /* Assets.xcassets */ = {isa = PBXFileReference; lastKnownFileType = folder.assetcatalog; path = Assets.xcassets; sourceTree = "<group>"; };
		A603A5092226CD59009AF0F9 /* Base */ = {isa = PBXFileReference; lastKnownFileType = file.storyboard; name = Base; path = Base.lproj/LaunchScreen.storyboard; sourceTree = "<group>"; };
		A603A50B2226CD59009AF0F9 /* Info.plist */ = {isa = PBXFileReference; lastKnownFileType = text.plist.xml; path = Info.plist; sourceTree = "<group>"; };
		A603A5112226CEC1009AF0F9 /* AllListsViewController.swift */ = {isa = PBXFileReference; lastKnownFileType = sourcecode.swift; path = AllListsViewController.swift; sourceTree = "<group>"; };
		A603A5132226CED3009AF0F9 /* ShoppingListViewController.swift */ = {isa = PBXFileReference; lastKnownFileType = sourcecode.swift; path = ShoppingListViewController.swift; sourceTree = "<group>"; };
		A603A5152226CEDF009AF0F9 /* EditItemViewController.swift */ = {isa = PBXFileReference; lastKnownFileType = sourcecode.swift; path = EditItemViewController.swift; sourceTree = "<group>"; };
		A603A5182226CF8B009AF0F9 /* ShoppingList.swift */ = {isa = PBXFileReference; lastKnownFileType = sourcecode.swift; path = ShoppingList.swift; sourceTree = "<group>"; };
		A603A51A2226CFA3009AF0F9 /* NotificationNameExtension.swift */ = {isa = PBXFileReference; lastKnownFileType = sourcecode.swift; path = NotificationNameExtension.swift; sourceTree = "<group>"; };
		A603A51F2226D418009AF0F9 /* ShoppingListItemCell.swift */ = {isa = PBXFileReference; lastKnownFileType = sourcecode.swift; path = ShoppingListItemCell.swift; sourceTree = "<group>"; };
		A603A5202226D418009AF0F9 /* ShoppingListItemCell.xib */ = {isa = PBXFileReference; lastKnownFileType = file.xib; path = ShoppingListItemCell.xib; sourceTree = "<group>"; };
		A603A5232226D42F009AF0F9 /* ShoppingListCell.swift */ = {isa = PBXFileReference; lastKnownFileType = sourcecode.swift; path = ShoppingListCell.swift; sourceTree = "<group>"; };
		A603A5242226D42F009AF0F9 /* ShoppingListCell.xib */ = {isa = PBXFileReference; lastKnownFileType = file.xib; path = ShoppingListCell.xib; sourceTree = "<group>"; };
		A62CBA3D2226EC91007644B8 /* RenameListView.swift */ = {isa = PBXFileReference; lastKnownFileType = sourcecode.swift; path = RenameListView.swift; sourceTree = "<group>"; };
		A62CBA402226ECC0007644B8 /* RenameListView.xib */ = {isa = PBXFileReference; lastKnownFileType = file.xib; path = RenameListView.xib; sourceTree = "<group>"; };
		A62CBA432226F847007644B8 /* EditItemViewControllerDelegate.swift */ = {isa = PBXFileReference; lastKnownFileType = sourcecode.swift; path = EditItemViewControllerDelegate.swift; sourceTree = "<group>"; };
/* End PBXFileReference section */

/* Begin PBXFrameworksBuildPhase section */
		A603A4F92226CD56009AF0F9 /* Frameworks */ = {
			isa = PBXFrameworksBuildPhase;
			buildActionMask = 2147483647;
			files = (
			);
			runOnlyForDeploymentPostprocessing = 0;
		};
/* End PBXFrameworksBuildPhase section */

/* Begin PBXGroup section */
		A603A4F32226CD56009AF0F9 = {
			isa = PBXGroup;
			children = (
				A603A4FE2226CD56009AF0F9 /* Lists */,
				A603A4FD2226CD56009AF0F9 /* Products */,
			);
			sourceTree = "<group>";
		};
		A603A4FD2226CD56009AF0F9 /* Products */ = {
			isa = PBXGroup;
			children = (
				A603A4FC2226CD56009AF0F9 /* Lists.app */,
			);
			name = Products;
			sourceTree = "<group>";
		};
		A603A4FE2226CD56009AF0F9 /* Lists */ = {
			isa = PBXGroup;
			children = (
				A603A51E2226D3F0009AF0F9 /* Custom Views */,
				A603A51D2226D3D7009AF0F9 /* Custom Cells */,
				A603A51C2226D02A009AF0F9 /* Essential */,
				A603A5172226CEF1009AF0F9 /* View Controller */,
				A603A4FF2226CD56009AF0F9 /* AppDelegate.swift */,
				A603A5032226CD56009AF0F9 /* Main.storyboard */,
				A603A5062226CD59009AF0F9 /* Assets.xcassets */,
				A603A5082226CD59009AF0F9 /* LaunchScreen.storyboard */,
				A603A50B2226CD59009AF0F9 /* Info.plist */,
			);
			path = Lists;
			sourceTree = "<group>";
		};
		A603A5172226CEF1009AF0F9 /* View Controller */ = {
			isa = PBXGroup;
			children = (
				A603A5112226CEC1009AF0F9 /* AllListsViewController.swift */,
				A603A5132226CED3009AF0F9 /* ShoppingListViewController.swift */,
				A603A5152226CEDF009AF0F9 /* EditItemViewController.swift */,
				A62CBA432226F847007644B8 /* EditItemViewControllerDelegate.swift */,
			);
			path = "View Controller";
			sourceTree = "<group>";
		};
		A603A51C2226D02A009AF0F9 /* Essential */ = {
			isa = PBXGroup;
			children = (
				A603A5182226CF8B009AF0F9 /* ShoppingList.swift */,
				A603A51A2226CFA3009AF0F9 /* NotificationNameExtension.swift */,
			);
			path = Essential;
			sourceTree = "<group>";
		};
		A603A51D2226D3D7009AF0F9 /* Custom Cells */ = {
			isa = PBXGroup;
			children = (
				A603A51F2226D418009AF0F9 /* ShoppingListItemCell.swift */,
				A603A5202226D418009AF0F9 /* ShoppingListItemCell.xib */,
				A603A5232226D42F009AF0F9 /* ShoppingListCell.swift */,
				A603A5242226D42F009AF0F9 /* ShoppingListCell.xib */,
			);
			path = "Custom Cells";
			sourceTree = "<group>";
		};
		A603A51E2226D3F0009AF0F9 /* Custom Views */ = {
			isa = PBXGroup;
			children = (
				A62CBA3D2226EC91007644B8 /* RenameListView.swift */,
				A62CBA402226ECC0007644B8 /* RenameListView.xib */,
			);
			path = "Custom Views";
			sourceTree = "<group>";
		};
/* End PBXGroup section */

/* Begin PBXNativeTarget section */
		A603A4FB2226CD56009AF0F9 /* Lists */ = {
			isa = PBXNativeTarget;
			buildConfigurationList = A603A50E2226CD59009AF0F9 /* Build configuration list for PBXNativeTarget "Lists" */;
			buildPhases = (
				A603A4F82226CD56009AF0F9 /* Sources */,
				A603A4F92226CD56009AF0F9 /* Frameworks */,
				A603A4FA2226CD56009AF0F9 /* Resources */,
			);
			buildRules = (
			);
			dependencies = (
			);
			name = Lists;
			productName = Lists;
			productReference = A603A4FC2226CD56009AF0F9 /* Lists.app */;
			productType = "com.apple.product-type.application";
		};
/* End PBXNativeTarget section */

/* Begin PBXProject section */
		A603A4F42226CD56009AF0F9 /* Project object */ = {
			isa = PBXProject;
			attributes = {
				LastSwiftUpdateCheck = 1010;
				LastUpgradeCheck = 1010;
				ORGANIZATIONNAME = "Aman Meena";
				TargetAttributes = {
					A603A4FB2226CD56009AF0F9 = {
						CreatedOnToolsVersion = 10.1;
					};
				};
			};
			buildConfigurationList = A603A4F72226CD56009AF0F9 /* Build configuration list for PBXProject "Lists" */;
			compatibilityVersion = "Xcode 9.3";
			developmentRegion = en;
			hasScannedForEncodings = 0;
			knownRegions = (
				en,
				Base,
			);
			mainGroup = A603A4F32226CD56009AF0F9;
			productRefGroup = A603A4FD2226CD56009AF0F9 /* Products */;
			projectDirPath = "";
			projectRoot = "";
			targets = (
				A603A4FB2226CD56009AF0F9 /* Lists */,
			);
		};
/* End PBXProject section */

/* Begin PBXResourcesBuildPhase section */
		A603A4FA2226CD56009AF0F9 /* Resources */ = {
			isa = PBXResourcesBuildPhase;
			buildActionMask = 2147483647;
			files = (
				A62CBA422226ECC0007644B8 /* RenameListView.xib in Resources */,
				A603A5222226D418009AF0F9 /* ShoppingListItemCell.xib in Resources */,
				A603A50A2226CD59009AF0F9 /* LaunchScreen.storyboard in Resources */,
				A603A5072226CD59009AF0F9 /* Assets.xcassets in Resources */,
				A603A5262226D42F009AF0F9 /* ShoppingListCell.xib in Resources */,
				A603A5052226CD56009AF0F9 /* Main.storyboard in Resources */,
			);
			runOnlyForDeploymentPostprocessing = 0;
		};
/* End PBXResourcesBuildPhase section */

/* Begin PBXSourcesBuildPhase section */
		A603A4F82226CD56009AF0F9 /* Sources */ = {
			isa = PBXSourcesBuildPhase;
			buildActionMask = 2147483647;
			files = (
				A603A5212226D418009AF0F9 /* ShoppingListItemCell.swift in Sources */,
				A603A5002226CD56009AF0F9 /* AppDelegate.swift in Sources */,
				A603A5122226CEC1009AF0F9 /* AllListsViewController.swift in Sources */,
				A62CBA3E2226EC91007644B8 /* RenameListView.swift in Sources */,
				A603A5192226CF8B009AF0F9 /* ShoppingList.swift in Sources */,
				A603A51B2226CFA3009AF0F9 /* NotificationNameExtension.swift in Sources */,
				A603A5252226D42F009AF0F9 /* ShoppingListCell.swift in Sources */,
				A603A5142226CED3009AF0F9 /* ShoppingListViewController.swift in Sources */,
				A62CBA442226F847007644B8 /* EditItemViewControllerDelegate.swift in Sources */,
				A603A5162226CEDF009AF0F9 /* EditItemViewController.swift in Sources */,
			);
			runOnlyForDeploymentPostprocessing = 0;
		};
/* End PBXSourcesBuildPhase section */

/* Begin PBXVariantGroup section */
		A603A5032226CD56009AF0F9 /* Main.storyboard */ = {
			isa = PBXVariantGroup;
			children = (
				A603A5042226CD56009AF0F9 /* Base */,
			);
			name = Main.storyboard;
			sourceTree = "<group>";
		};
		A603A5082226CD59009AF0F9 /* LaunchScreen.storyboard */ = {
			isa = PBXVariantGroup;
			children = (
				A603A5092226CD59009AF0F9 /* Base */,
			);
			name = LaunchScreen.storyboard;
			sourceTree = "<group>";
		};
/* End PBXVariantGroup section */

/* Begin XCBuildConfiguration section */
		A603A50C2226CD59009AF0F9 /* Debug */ = {
			isa = XCBuildConfiguration;
			buildSettings = {
				ALWAYS_SEARCH_USER_PATHS = NO;
				CLANG_ANALYZER_NONNULL = YES;
				CLANG_ANALYZER_NUMBER_OBJECT_CONVERSION = YES_AGGRESSIVE;
				CLANG_CXX_LANGUAGE_STANDARD = "gnu++14";
				CLANG_CXX_LIBRARY = "libc++";
				CLANG_ENABLE_MODULES = YES;
				CLANG_ENABLE_OBJC_ARC = YES;
				CLANG_ENABLE_OBJC_WEAK = YES;
				CLANG_WARN_BLOCK_CAPTURE_AUTORELEASING = YES;
				CLANG_WARN_BOOL_CONVERSION = YES;
				CLANG_WARN_COMMA = YES;
				CLANG_WARN_CONSTANT_CONVERSION = YES;
				CLANG_WARN_DEPRECATED_OBJC_IMPLEMENTATIONS = YES;
				CLANG_WARN_DIRECT_OBJC_ISA_USAGE = YES_ERROR;
				CLANG_WARN_DOCUMENTATION_COMMENTS = YES;
				CLANG_WARN_EMPTY_BODY = YES;
				CLANG_WARN_ENUM_CONVERSION = YES;
				CLANG_WARN_INFINITE_RECURSION = YES;
				CLANG_WARN_INT_CONVERSION = YES;
				CLANG_WARN_NON_LITERAL_NULL_CONVERSION = YES;
				CLANG_WARN_OBJC_IMPLICIT_RETAIN_SELF = YES;
				CLANG_WARN_OBJC_LITERAL_CONVERSION = YES;
				CLANG_WARN_OBJC_ROOT_CLASS = YES_ERROR;
				CLANG_WARN_RANGE_LOOP_ANALYSIS = YES;
				CLANG_WARN_STRICT_PROTOTYPES = YES;
				CLANG_WARN_SUSPICIOUS_MOVE = YES;
				CLANG_WARN_UNGUARDED_AVAILABILITY = YES_AGGRESSIVE;
				CLANG_WARN_UNREACHABLE_CODE = YES;
				CLANG_WARN__DUPLICATE_METHOD_MATCH = YES;
				CODE_SIGN_IDENTITY = "iPhone Developer";
				COPY_PHASE_STRIP = NO;
				DEBUG_INFORMATION_FORMAT = dwarf;
				ENABLE_STRICT_OBJC_MSGSEND = YES;
				ENABLE_TESTABILITY = YES;
				GCC_C_LANGUAGE_STANDARD = gnu11;
				GCC_DYNAMIC_NO_PIC = NO;
				GCC_NO_COMMON_BLOCKS = YES;
				GCC_OPTIMIZATION_LEVEL = 0;
				GCC_PREPROCESSOR_DEFINITIONS = (
					"DEBUG=1",
					"$(inherited)",
				);
				GCC_WARN_64_TO_32_BIT_CONVERSION = YES;
				GCC_WARN_ABOUT_RETURN_TYPE = YES_ERROR;
				GCC_WARN_UNDECLARED_SELECTOR = YES;
				GCC_WARN_UNINITIALIZED_AUTOS = YES_AGGRESSIVE;
				GCC_WARN_UNUSED_FUNCTION = YES;
				GCC_WARN_UNUSED_VARIABLE = YES;
				IPHONEOS_DEPLOYMENT_TARGET = 12.1;
				MTL_ENABLE_DEBUG_INFO = INCLUDE_SOURCE;
				MTL_FAST_MATH = YES;
				ONLY_ACTIVE_ARCH = YES;
				SDKROOT = iphoneos;
				SWIFT_ACTIVE_COMPILATION_CONDITIONS = DEBUG;
				SWIFT_OPTIMIZATION_LEVEL = "-Onone";
			};
			name = Debug;
		};
		A603A50D2226CD59009AF0F9 /* Release */ = {
			isa = XCBuildConfiguration;
			buildSettings = {
				ALWAYS_SEARCH_USER_PATHS = NO;
				CLANG_ANALYZER_NONNULL = YES;
				CLANG_ANALYZER_NUMBER_OBJECT_CONVERSION = YES_AGGRESSIVE;
				CLANG_CXX_LANGUAGE_STANDARD = "gnu++14";
				CLANG_CXX_LIBRARY = "libc++";
				CLANG_ENABLE_MODULES = YES;
				CLANG_ENABLE_OBJC_ARC = YES;
				CLANG_ENABLE_OBJC_WEAK = YES;
				CLANG_WARN_BLOCK_CAPTURE_AUTORELEASING = YES;
				CLANG_WARN_BOOL_CONVERSION = YES;
				CLANG_WARN_COMMA = YES;
				CLANG_WARN_CONSTANT_CONVERSION = YES;
				CLANG_WARN_DEPRECATED_OBJC_IMPLEMENTATIONS = YES;
				CLANG_WARN_DIRECT_OBJC_ISA_USAGE = YES_ERROR;
				CLANG_WARN_DOCUMENTATION_COMMENTS = YES;
				CLANG_WARN_EMPTY_BODY = YES;
				CLANG_WARN_ENUM_CONVERSION = YES;
				CLANG_WARN_INFINITE_RECURSION = YES;
				CLANG_WARN_INT_CONVERSION = YES;
				CLANG_WARN_NON_LITERAL_NULL_CONVERSION = YES;
				CLANG_WARN_OBJC_IMPLICIT_RETAIN_SELF = YES;
				CLANG_WARN_OBJC_LITERAL_CONVERSION = YES;
				CLANG_WARN_OBJC_ROOT_CLASS = YES_ERROR;
				CLANG_WARN_RANGE_LOOP_ANALYSIS = YES;
				CLANG_WARN_STRICT_PROTOTYPES = YES;
				CLANG_WARN_SUSPICIOUS_MOVE = YES;
				CLANG_WARN_UNGUARDED_AVAILABILITY = YES_AGGRESSIVE;
				CLANG_WARN_UNREACHABLE_CODE = YES;
				CLANG_WARN__DUPLICATE_METHOD_MATCH = YES;
				CODE_SIGN_IDENTITY = "iPhone Developer";
				COPY_PHASE_STRIP = NO;
				DEBUG_INFORMATION_FORMAT = "dwarf-with-dsym";
				ENABLE_NS_ASSERTIONS = NO;
				ENABLE_STRICT_OBJC_MSGSEND = YES;
				GCC_C_LANGUAGE_STANDARD = gnu11;
				GCC_NO_COMMON_BLOCKS = YES;
				GCC_WARN_64_TO_32_BIT_CONVERSION = YES;
				GCC_WARN_ABOUT_RETURN_TYPE = YES_ERROR;
				GCC_WARN_UNDECLARED_SELECTOR = YES;
				GCC_WARN_UNINITIALIZED_AUTOS = YES_AGGRESSIVE;
				GCC_WARN_UNUSED_FUNCTION = YES;
				GCC_WARN_UNUSED_VARIABLE = YES;
				IPHONEOS_DEPLOYMENT_TARGET = 12.1;
				MTL_ENABLE_DEBUG_INFO = NO;
				MTL_FAST_MATH = YES;
				SDKROOT = iphoneos;
				SWIFT_COMPILATION_MODE = wholemodule;
				SWIFT_OPTIMIZATION_LEVEL = "-O";
				VALIDATE_PRODUCT = YES;
			};
			name = Release;
		};
		A603A50F2226CD59009AF0F9 /* Debug */ = {
			isa = XCBuildConfiguration;
			buildSettings = {
				ASSETCATALOG_COMPILER_APPICON_NAME = AppIcon;
				CODE_SIGN_STYLE = Automatic;
				DEVELOPMENT_TEAM = 57DLV9DHHX;
				INFOPLIST_FILE = Lists/Info.plist;
				LD_RUNPATH_SEARCH_PATHS = (
					"$(inherited)",
					"@executable_path/Frameworks",
				);
				PRODUCT_BUNDLE_IDENTIFIER = com.amanmeena.Lists;
				PRODUCT_NAME = "$(TARGET_NAME)";
				SWIFT_VERSION = 4.2;
				TARGETED_DEVICE_FAMILY = "1,2";
			};
			name = Debug;
		};
		A603A5102226CD59009AF0F9 /* Release */ = {
			isa = XCBuildConfiguration;
			buildSettings = {
				ASSETCATALOG_COMPILER_APPICON_NAME = AppIcon;
				CODE_SIGN_STYLE = Automatic;
				DEVELOPMENT_TEAM = 57DLV9DHHX;
				INFOPLIST_FILE = Lists/Info.plist;
				LD_RUNPATH_SEARCH_PATHS = (
					"$(inherited)",
					"@executable_path/Frameworks",
				);
				PRODUCT_BUNDLE_IDENTIFIER = com.amanmeena.Lists;
				PRODUCT_NAME = "$(TARGET_NAME)";
				SWIFT_VERSION = 4.2;
				TARGETED_DEVICE_FAMILY = "1,2";
			};
			name = Release;
		};
/* End XCBuildConfiguration section */

/* Begin XCConfigurationList section */
		A603A4F72226CD56009AF0F9 /* Build configuration list for PBXProject "Lists" */ = {
			isa = XCConfigurationList;
			buildConfigurations = (
				A603A50C2226CD59009AF0F9 /* Debug */,
				A603A50D2226CD59009AF0F9 /* Release */,
			);
			defaultConfigurationIsVisible = 0;
			defaultConfigurationName = Release;
		};
		A603A50E2226CD59009AF0F9 /* Build configuration list for PBXNativeTarget "Lists" */ = {
			isa = XCConfigurationList;
			buildConfigurations = (
				A603A50F2226CD59009AF0F9 /* Debug */,
				A603A5102226CD59009AF0F9 /* Release */,
			);
			defaultConfigurationIsVisible = 0;
			defaultConfigurationName = Release;
		};
/* End XCConfigurationList section */
	};
	rootObject = A603A4F42226CD56009AF0F9 /* Project object */;
}
